
Microsoft Visual Studio Solution File, Format Version 12.00
# Visual Studio 15
VisualStudioVersion = 15.0.28307.329
MinimumVisualStudioVersion = 10.0.40219.1
Project("{FAE04EC0-301F-11D3-BF4B-00C04F79EFBC}") = "CalculatorProject", "CalculatorProject\CalculatorProject.csproj", "{ACF91DEB-D13D-466D-BA08-883831D2D3DC}"
EndProject
Global
	GlobalSection(SolutionConfigurationPlatforms) = preSolution
		Debug|Any CPU = Debug|Any CPU
		Release|Any CPU = Release|Any CPU
	EndGlobalSection
	GlobalSection(ProjectConfigurationPlatforms) = postSolution
		{ACF91DEB-D13D-466D-BA08-883831D2D3DC}.Debug|Any CPU.ActiveCfg = Debug|Any CPU
		{ACF91DEB-D13D-466D-BA08-883831D2D3DC}.Debug|Any CPU.Build.0 = Debug|Any CPU
		{ACF91DEB-D13D-466D-BA08-883831D2D3DC}.Release|Any CPU.ActiveCfg = Release|Any CPU
		{ACF91DEB-D13D-466D-BA08-883831D2D3DC}.Release|Any CPU.Build.0 = Release|Any CPU
	EndGlobalSection
	GlobalSection(SolutionProperties) = preSolution
		HideSolutionNode = FALSE
	EndGlobalSection
	GlobalSection(ExtensibilityGlobals) = postSolution
		SolutionGuid = {CA09F0E8-3239-46E0-B24D-4DE96C71094B}
	EndGlobalSection
EndGlobal
